
Microsoft Visual Studio Solution File, Format Version 12.00
# Visual Studio Version 16
VisualStudioVersion = 16.0.30114.105
MinimumVisualStudioVersion = 10.0.40219.1
Project("{9A19103F-16F7-4668-BE54-9A1E7A4F7556}") = "Pagene.Reader.PostSerializer", "Pagene.Reader.PostSerializer\Pagene.Reader.PostSerializer.csproj", "{FEAC6FF5-901D-4EDD-9EF9-90D7667893A8}"
EndProject
Global
	GlobalSection(SolutionConfigurationPlatforms) = preSolution
		Debug|Any CPU = Debug|Any CPU
		Release|Any CPU = Release|Any CPU
	EndGlobalSection
	GlobalSection(ProjectConfigurationPlatforms) = postSolution
		{FEAC6FF5-901D-4EDD-9EF9-90D7667893A8}.Debug|Any CPU.ActiveCfg = Debug|Any CPU
		{FEAC6FF5-901D-4EDD-9EF9-90D7667893A8}.Debug|Any CPU.Build.0 = Debug|Any CPU
		{FEAC6FF5-901D-4EDD-9EF9-90D7667893A8}.Release|Any CPU.ActiveCfg = Release|Any CPU
		{FEAC6FF5-901D-4EDD-9EF9-90D7667893A8}.Release|Any CPU.Build.0 = Release|Any CPU
	EndGlobalSection
	GlobalSection(SolutionProperties) = preSolution
		HideSolutionNode = FALSE
	EndGlobalSection
	GlobalSection(ExtensibilityGlobals) = postSolution
		SolutionGuid = {F08E98C5-9B2E-483E-9DC3-6395B20F2D67}
	EndGlobalSection
EndGlobal
